
Microsoft Visual Studio Solution File, Format Version 12.00
# Visual Studio Version 17
VisualStudioVersion = 17.11.35222.181
MinimumVisualStudioVersion = 10.0.40219.1
Project("{9A19103F-16F7-4668-BE54-9A1E7A4F7556}") = "interpreter", "interpreter.csproj", "{D87B0A42-1088-45CA-9BE5-A7BE9477EEDC}"
EndProject
Global
	GlobalSection(SolutionConfigurationPlatforms) = preSolution
		Debug|Any CPU = Debug|Any CPU
		Release|Any CPU = Release|Any CPU
	EndGlobalSection
	GlobalSection(ProjectConfigurationPlatforms) = postSolution
		{D87B0A42-1088-45CA-9BE5-A7BE9477EEDC}.Debug|Any CPU.ActiveCfg = Debug|Any CPU
		{D87B0A42-1088-45CA-9BE5-A7BE9477EEDC}.Debug|Any CPU.Build.0 = Debug|Any CPU
		{D87B0A42-1088-45CA-9BE5-A7BE9477EEDC}.Release|Any CPU.ActiveCfg = Release|Any CPU
		{D87B0A42-1088-45CA-9BE5-A7BE9477EEDC}.Release|Any CPU.Build.0 = Release|Any CPU
	EndGlobalSection
	GlobalSection(SolutionProperties) = preSolution
		HideSolutionNode = FALSE
	EndGlobalSection
	GlobalSection(ExtensibilityGlobals) = postSolution
		SolutionGuid = {16EED892-7653-4AA4-9F6B-BFC3925DCFB2}
	EndGlobalSection
EndGlobal
